
Microsoft Visual Studio Solution File, Format Version 12.00
# Visual Studio Version 16
VisualStudioVersion = 16.0.30320.27
MinimumVisualStudioVersion = 10.0.40219.1
Project("{9A19103F-16F7-4668-BE54-9A1E7A4F7556}") = "TheRevolutionNetwork.Library", "TheRevolutionNetwork.Library\TheRevolutionNetwork.Library.csproj", "{BDD5CF97-7A6A-4AB7-8B85-05A2658A1BC5}"
EndProject
Project("{9A19103F-16F7-4668-BE54-9A1E7A4F7556}") = "TheRevolutionNetwork.Tests", "TheRevolutionNetwork.Tests\TheRevolutionNetwork.Tests.csproj", "{9177D518-1089-468D-B53C-953C4E0CE1F4}"
EndProject
Global
	GlobalSection(SolutionConfigurationPlatforms) = preSolution
		Debug|Any CPU = Debug|Any CPU
		Release|Any CPU = Release|Any CPU
	EndGlobalSection
	GlobalSection(ProjectConfigurationPlatforms) = postSolution
		{BDD5CF97-7A6A-4AB7-8B85-05A2658A1BC5}.Debug|Any CPU.ActiveCfg = Debug|Any CPU
		{BDD5CF97-7A6A-4AB7-8B85-05A2658A1BC5}.Debug|Any CPU.Build.0 = Debug|Any CPU
		{BDD5CF97-7A6A-4AB7-8B85-05A2658A1BC5}.Release|Any CPU.ActiveCfg = Release|Any CPU
		{BDD5CF97-7A6A-4AB7-8B85-05A2658A1BC5}.Release|Any CPU.Build.0 = Release|Any CPU
		{9177D518-1089-468D-B53C-953C4E0CE1F4}.Debug|Any CPU.ActiveCfg = Debug|Any CPU
		{9177D518-1089-468D-B53C-953C4E0CE1F4}.Debug|Any CPU.Build.0 = Debug|Any CPU
		{9177D518-1089-468D-B53C-953C4E0CE1F4}.Release|Any CPU.ActiveCfg = Release|Any CPU
		{9177D518-1089-468D-B53C-953C4E0CE1F4}.Release|Any CPU.Build.0 = Release|Any CPU
	EndGlobalSection
	GlobalSection(SolutionProperties) = preSolution
		HideSolutionNode = FALSE
	EndGlobalSection
	GlobalSection(ExtensibilityGlobals) = postSolution
		SolutionGuid = {AA8482D6-9092-4344-A8C0-51A05E8FE7AE}
	EndGlobalSection
EndGlobal
